# THIS IS AN AUTOGENERATED FILE. DO NOT EDIT THIS FILE DIRECTLY.
# yarn lockfile v1


js-priority-queue@^0.1.5:
  version "0.1.5"
  resolved "https://registry.yarnpkg.com/js-priority-queue/-/js-priority-queue-0.1.5.tgz#f71e9b2120c91e8a1ddab3b7d347dac01d81e837"
  integrity sha1-9x6bISDJHood2rO300fawB2B6Dc=
